
Microsoft Visual Studio Solution File, Format Version 12.00
# Visual Studio 14
VisualStudioVersion = 14.0.25420.1
MinimumVisualStudioVersion = 10.0.40219.1
Project("{FAE04EC0-301F-11D3-BF4B-00C04F79EFBC}") = "分级小助手", "分级小助手\分级小助手.csproj", "{03EA5AD9-47A0-43EF-8A97-9D25136C2065}"
EndProject
Global
	GlobalSection(SolutionConfigurationPlatforms) = preSolution
		Debug|Any CPU = Debug|Any CPU
		Release|Any CPU = Release|Any CPU
	EndGlobalSection
	GlobalSection(ProjectConfigurationPlatforms) = postSolution
		{03EA5AD9-47A0-43EF-8A97-9D25136C2065}.Debug|Any CPU.ActiveCfg = Debug|Any CPU
		{03EA5AD9-47A0-43EF-8A97-9D25136C2065}.Debug|Any CPU.Build.0 = Debug|Any CPU
		{03EA5AD9-47A0-43EF-8A97-9D25136C2065}.Release|Any CPU.ActiveCfg = Release|Any CPU
		{03EA5AD9-47A0-43EF-8A97-9D25136C2065}.Release|Any CPU.Build.0 = Release|Any CPU
	EndGlobalSection
	GlobalSection(SolutionProperties) = preSolution
		HideSolutionNode = FALSE
	EndGlobalSection
EndGlobal
